{
  "name": "recipe_scraper",
  "version": "1.0.0",
  "lockfileVersion": 1,
  "requires": true,
  "dependencies": {
    "@types/node": {
      "version": "9.3.0",
      "resolved": "https://registry.npmjs.org/@types/node/-/node-9.3.0.tgz",
      "integrity": "sha512-wNBfvNjzsJl4tswIZKXCFQY0lss9nKUyJnG6T94X/eqjRgI2jHZ4evdjhQYBSan/vGtF6XVXPApOmNH2rf0KKw==",
      "dev": true
    },
    "recipe-ingredient-parser": {
      "version": "1.5.3",
      "resolved": "https://registry.npmjs.org/recipe-ingredient-parser/-/recipe-ingredient-parser-1.5.3.tgz",
      "integrity": "sha1-RDGEJSuquUOJudukGcNFo93FUmY=",
      "requires": {
        "@types/node": "8.5.9"
      },
      "dependencies": {
        "@types/node": {
          "version": "8.5.9",
          "resolved": "https://registry.npmjs.org/@types/node/-/node-8.5.9.tgz",
          "integrity": "sha512-s+c3AjymyAccTI4hcgNFK4mToH8l+hyPDhu4LIkn71lRy56FLijGu00fyLgldjM/846Pmk9N4KFUs2P8GDs0pA=="
        }
      }
    }
  }
}
